
Microsoft Visual Studio Solution File, Format Version 12.00
# Visual Studio Version 17
VisualStudioVersion = 17.8.34316.72
MinimumVisualStudioVersion = 10.0.40219.1
Project("{FAE04EC0-301F-11D3-BF4B-00C04F79EFBC}") = "FilmDBWebApp", "FilmDBWebApp\FilmDBWebApp.csproj", "{C0D90053-9D1E-4504-807E-D389E0C49EDA}"
EndProject
Global
	GlobalSection(SolutionConfigurationPlatforms) = preSolution
		Debug|Any CPU = Debug|Any CPU
		Release|Any CPU = Release|Any CPU
	EndGlobalSection
	GlobalSection(ProjectConfigurationPlatforms) = postSolution
		{C0D90053-9D1E-4504-807E-D389E0C49EDA}.Debug|Any CPU.ActiveCfg = Debug|Any CPU
		{C0D90053-9D1E-4504-807E-D389E0C49EDA}.Debug|Any CPU.Build.0 = Debug|Any CPU
		{C0D90053-9D1E-4504-807E-D389E0C49EDA}.Release|Any CPU.ActiveCfg = Release|Any CPU
		{C0D90053-9D1E-4504-807E-D389E0C49EDA}.Release|Any CPU.Build.0 = Release|Any CPU
	EndGlobalSection
	GlobalSection(SolutionProperties) = preSolution
		HideSolutionNode = FALSE
	EndGlobalSection
	GlobalSection(ExtensibilityGlobals) = postSolution
		SolutionGuid = {4D191647-E6E4-4D5F-9839-604F5AE52C87}
	EndGlobalSection
EndGlobal
